// !$*UTF8*$!
{
	archiveVersion = 1;
	classes = {
	};
	objectVersion = 50;
	objects = {

/* Begin PBXBuildFile section */
		8C6A136D254F990E00614B4A /* TagComponents.m in Sources */ = {isa = PBXBuildFile; fileRef = 8C6A136C254F990E00614B4A /* TagComponents.m */; };
		8C6A1372254F9C0800614B4A /* FileProperties.m in Sources */ = {isa = PBXBuildFile; fileRef = 8C6A1371254F9C0800614B4A /* FileProperties.m */; };
		8C6A1379254FA47F00614B4A /* TGFileProperties.m in Sources */ = {isa = PBXBuildFile; fileRef = 8C6A1378254FA47F00614B4A /* TGFileProperties.m */; };
		8C6A1380254FA67F00614B4A /* tagHelpers.m in Sources */ = {isa = PBXBuildFile; fileRef = 8C6A137F254FA67F00614B4A /* tagHelpers.m */; };
		8C6A1387254FA82D00614B4A /* GetHelpers.m in Sources */ = {isa = PBXBuildFile; fileRef = 8C6A1386254FA82D00614B4A /* GetHelpers.m */; };
		8C6A138E254FAB3200614B4A /* addAndRemove.m in Sources */ = {isa = PBXBuildFile; fileRef = 8C6A138D254FAB3200614B4A /* addAndRemove.m */; };
		8C9BC86A254C7F7B00960FDD /* main.m in Sources */ = {isa = PBXBuildFile; fileRef = 8C9BC869254C7F7B00960FDD /* main.m */; };
		8CB76AFD254CAAA000320D3C /* NSURLTagger.m in Sources */ = {isa = PBXBuildFile; fileRef = 8CB76AFC254CAAA000320D3C /* NSURLTagger.m */; };
/* End PBXBuildFile section */

/* Begin PBXCopyFilesBuildPhase section */
		8C9BC864254C7F7A00960FDD /* CopyFiles */ = {
			isa = PBXCopyFilesBuildPhase;
			buildActionMask = 2147483647;
			dstPath = /usr/share/man/man1/;
			dstSubfolderSpec = 0;
			files = (
			);
			runOnlyForDeploymentPostprocessing = 1;
		};
/* End PBXCopyFilesBuildPhase section */

/* Begin PBXFileReference section */
		8C6A136C254F990E00614B4A /* TagComponents.m */ = {isa = PBXFileReference; lastKnownFileType = sourcecode.c.objc; path = TagComponents.m; sourceTree = "<group>"; };
		8C6A136F254F991F00614B4A /* TagComponents.h */ = {isa = PBXFileReference; lastKnownFileType = sourcecode.c.h; path = TagComponents.h; sourceTree = "<group>"; };
		8C6A1371254F9C0800614B4A /* FileProperties.m */ = {isa = PBXFileReference; lastKnownFileType = sourcecode.c.objc; path = FileProperties.m; sourceTree = "<group>"; };
		8C6A1374254F9C1800614B4A /* FileProperties.h */ = {isa = PBXFileReference; lastKnownFileType = sourcecode.c.h; path = FileProperties.h; sourceTree = "<group>"; };
		8C6A1377254FA41400614B4A /* TGFileProperties.h */ = {isa = PBXFileReference; lastKnownFileType = sourcecode.c.h; path = TGFileProperties.h; sourceTree = "<group>"; };
		8C6A1378254FA47F00614B4A /* TGFileProperties.m */ = {isa = PBXFileReference; lastKnownFileType = sourcecode.c.objc; path = TGFileProperties.m; sourceTree = "<group>"; };
		8C6A137F254FA67F00614B4A /* tagHelpers.m */ = {isa = PBXFileReference; lastKnownFileType = sourcecode.c.objc; path = tagHelpers.m; sourceTree = "<group>"; };
		8C6A1384254FA69D00614B4A /* tagHelpers.h */ = {isa = PBXFileReference; lastKnownFileType = sourcecode.c.h; path = tagHelpers.h; sourceTree = "<group>"; };
		8C6A1386254FA82D00614B4A /* GetHelpers.m */ = {isa = PBXFileReference; lastKnownFileType = sourcecode.c.objc; path = GetHelpers.m; sourceTree = "<group>"; };
		8C6A1389254FA89000614B4A /* GetHelpers.h */ = {isa = PBXFileReference; lastKnownFileType = sourcecode.c.h; path = GetHelpers.h; sourceTree = "<group>"; };
		8C6A138B254FAB1700614B4A /* addAndRemove.h */ = {isa = PBXFileReference; lastKnownFileType = sourcecode.c.h; path = addAndRemove.h; sourceTree = "<group>"; };
		8C6A138D254FAB3200614B4A /* addAndRemove.m */ = {isa = PBXFileReference; lastKnownFileType = sourcecode.c.objc; path = addAndRemove.m; sourceTree = "<group>"; };
		8C9BC866254C7F7B00960FDD /* tagger */ = {isa = PBXFileReference; explicitFileType = "compiled.mach-o.executable"; includeInIndex = 0; path = tagger; sourceTree = BUILT_PRODUCTS_DIR; };
		8C9BC869254C7F7B00960FDD /* main.m */ = {isa = PBXFileReference; lastKnownFileType = sourcecode.c.objc; path = main.m; sourceTree = "<group>"; };
		8CB76AFB254CAA4E00320D3C /* NSURLTagger.h */ = {isa = PBXFileReference; lastKnownFileType = sourcecode.c.h; path = NSURLTagger.h; sourceTree = "<group>"; };
		8CB76AFC254CAAA000320D3C /* NSURLTagger.m */ = {isa = PBXFileReference; lastKnownFileType = sourcecode.c.objc; path = NSURLTagger.m; sourceTree = "<group>"; };
/* End PBXFileReference section */

/* Begin PBXFrameworksBuildPhase section */
		8C9BC863254C7F7A00960FDD /* Frameworks */ = {
			isa = PBXFrameworksBuildPhase;
			buildActionMask = 2147483647;
			files = (
			);
			runOnlyForDeploymentPostprocessing = 0;
		};
/* End PBXFrameworksBuildPhase section */

/* Begin PBXGroup section */
		8C6A1376254F9D8E00614B4A /* Models */ = {
			isa = PBXGroup;
			children = (
				8C6A136F254F991F00614B4A /* TagComponents.h */,
				8C6A136C254F990E00614B4A /* TagComponents.m */,
				8C6A1374254F9C1800614B4A /* FileProperties.h */,
				8C6A1371254F9C0800614B4A /* FileProperties.m */,
			);
			path = Models;
			sourceTree = "<group>";
		};
		8C6A137C254FA5F700614B4A /* Utility */ = {
			isa = PBXGroup;
			children = (
				8C6A137E254FA65600614B4A /* Tags */,
			);
			path = Utility;
			sourceTree = "<group>";
		};
		8C6A137E254FA65600614B4A /* Tags */ = {
			isa = PBXGroup;
			children = (
				8C6A137F254FA67F00614B4A /* tagHelpers.m */,
				8C6A1384254FA69D00614B4A /* tagHelpers.h */,
				8C6A1386254FA82D00614B4A /* GetHelpers.m */,
				8C6A1389254FA89000614B4A /* GetHelpers.h */,
				8C6A138B254FAB1700614B4A /* addAndRemove.h */,
				8C6A138D254FAB3200614B4A /* addAndRemove.m */,
			);
			path = Tags;
			sourceTree = "<group>";
		};
		8C6A1392254FADEC00614B4A /* Extensions */ = {
			isa = PBXGroup;
			children = (
				8CB76AFB254CAA4E00320D3C /* NSURLTagger.h */,
				8CB76AFC254CAAA000320D3C /* NSURLTagger.m */,
			);
			path = Extensions;
			sourceTree = "<group>";
		};
		8C6A1393254FADFD00614B4A /* Structs */ = {
			isa = PBXGroup;
			children = (
				8C6A1377254FA41400614B4A /* TGFileProperties.h */,
				8C6A1378254FA47F00614B4A /* TGFileProperties.m */,
			);
			path = Structs;
			sourceTree = "<group>";
		};
		8C9BC85D254C7F7A00960FDD = {
			isa = PBXGroup;
			children = (
				8C9BC868254C7F7B00960FDD /* tagger */,
				8C9BC867254C7F7B00960FDD /* Products */,
			);
			sourceTree = "<group>";
		};
		8C9BC867254C7F7B00960FDD /* Products */ = {
			isa = PBXGroup;
			children = (
				8C9BC866254C7F7B00960FDD /* tagger */,
			);
			name = Products;
			sourceTree = "<group>";
		};
		8C9BC868254C7F7B00960FDD /* tagger */ = {
			isa = PBXGroup;
			children = (
				8C6A1393254FADFD00614B4A /* Structs */,
				8C6A1392254FADEC00614B4A /* Extensions */,
				8C6A1376254F9D8E00614B4A /* Models */,
				8C9BC869254C7F7B00960FDD /* main.m */,
				8C6A137C254FA5F700614B4A /* Utility */,
			);
			path = tagger;
			sourceTree = "<group>";
		};
/* End PBXGroup section */

/* Begin PBXNativeTarget section */
		8C9BC865254C7F7A00960FDD /* tagger */ = {
			isa = PBXNativeTarget;
			buildConfigurationList = 8C9BC86D254C7F7B00960FDD /* Build configuration list for PBXNativeTarget "tagger" */;
			buildPhases = (
				8C9BC862254C7F7A00960FDD /* Sources */,
				8C9BC863254C7F7A00960FDD /* Frameworks */,
				8C9BC864254C7F7A00960FDD /* CopyFiles */,
			);
			buildRules = (
			);
			dependencies = (
			);
			name = tagger;
			productName = tagger;
			productReference = 8C9BC866254C7F7B00960FDD /* tagger */;
			productType = "com.apple.product-type.tool";
		};
/* End PBXNativeTarget section */

/* Begin PBXProject section */
		8C9BC85E254C7F7A00960FDD /* Project object */ = {
			isa = PBXProject;
			attributes = {
				LastUpgradeCheck = 1220;
				TargetAttributes = {
					8C9BC865254C7F7A00960FDD = {
						CreatedOnToolsVersion = 12.2;
					};
				};
			};
			buildConfigurationList = 8C9BC861254C7F7A00960FDD /* Build configuration list for PBXProject "tagger" */;
			compatibilityVersion = "Xcode 9.3";
			developmentRegion = en;
			hasScannedForEncodings = 0;
			knownRegions = (
				en,
				Base,
			);
			mainGroup = 8C9BC85D254C7F7A00960FDD;
			productRefGroup = 8C9BC867254C7F7B00960FDD /* Products */;
			projectDirPath = "";
			projectRoot = "";
			targets = (
				8C9BC865254C7F7A00960FDD /* tagger */,
			);
		};
/* End PBXProject section */

/* Begin PBXSourcesBuildPhase section */
		8C9BC862254C7F7A00960FDD /* Sources */ = {
			isa = PBXSourcesBuildPhase;
			buildActionMask = 2147483647;
			files = (
				8C6A138E254FAB3200614B4A /* addAndRemove.m in Sources */,
				8C6A1380254FA67F00614B4A /* tagHelpers.m in Sources */,
				8C6A1372254F9C0800614B4A /* FileProperties.m in Sources */,
				8C6A1387254FA82D00614B4A /* GetHelpers.m in Sources */,
				8C6A136D254F990E00614B4A /* TagComponents.m in Sources */,
				8C6A1379254FA47F00614B4A /* TGFileProperties.m in Sources */,
				8CB76AFD254CAAA000320D3C /* NSURLTagger.m in Sources */,
				8C9BC86A254C7F7B00960FDD /* main.m in Sources */,
			);
			runOnlyForDeploymentPostprocessing = 0;
		};
/* End PBXSourcesBuildPhase section */

/* Begin XCBuildConfiguration section */
		8C9BC86B254C7F7B00960FDD /* Debug */ = {
			isa = XCBuildConfiguration;
			buildSettings = {
				ALWAYS_SEARCH_USER_PATHS = NO;
				CLANG_ANALYZER_NONNULL = YES;
				CLANG_ANALYZER_NUMBER_OBJECT_CONVERSION = YES_AGGRESSIVE;
				CLANG_CXX_LANGUAGE_STANDARD = "gnu++14";
				CLANG_CXX_LIBRARY = "libc++";
				CLANG_ENABLE_MODULES = YES;
				CLANG_ENABLE_OBJC_ARC = YES;
				CLANG_ENABLE_OBJC_WEAK = YES;
				CLANG_WARN_BLOCK_CAPTURE_AUTORELEASING = YES;
				CLANG_WARN_BOOL_CONVERSION = YES;
				CLANG_WARN_COMMA = YES;
				CLANG_WARN_CONSTANT_CONVERSION = YES;
				CLANG_WARN_DEPRECATED_OBJC_IMPLEMENTATIONS = YES;
				CLANG_WARN_DIRECT_OBJC_ISA_USAGE = YES_ERROR;
				CLANG_WARN_DOCUMENTATION_COMMENTS = YES;
				CLANG_WARN_EMPTY_BODY = YES;
				CLANG_WARN_ENUM_CONVERSION = YES;
				CLANG_WARN_INFINITE_RECURSION = YES;
				CLANG_WARN_INT_CONVERSION = YES;
				CLANG_WARN_NON_LITERAL_NULL_CONVERSION = YES;
				CLANG_WARN_OBJC_IMPLICIT_RETAIN_SELF = YES;
				CLANG_WARN_OBJC_LITERAL_CONVERSION = YES;
				CLANG_WARN_OBJC_ROOT_CLASS = YES_ERROR;
				CLANG_WARN_QUOTED_INCLUDE_IN_FRAMEWORK_HEADER = YES;
				CLANG_WARN_RANGE_LOOP_ANALYSIS = YES;
				CLANG_WARN_STRICT_PROTOTYPES = YES;
				CLANG_WARN_SUSPICIOUS_MOVE = YES;
				CLANG_WARN_UNGUARDED_AVAILABILITY = YES_AGGRESSIVE;
				CLANG_WARN_UNREACHABLE_CODE = YES;
				CLANG_WARN__DUPLICATE_METHOD_MATCH = YES;
				COPY_PHASE_STRIP = NO;
				DEBUG_INFORMATION_FORMAT = dwarf;
				ENABLE_STRICT_OBJC_MSGSEND = YES;
				ENABLE_TESTABILITY = YES;
				GCC_C_LANGUAGE_STANDARD = gnu11;
				GCC_DYNAMIC_NO_PIC = NO;
				GCC_NO_COMMON_BLOCKS = YES;
				GCC_OPTIMIZATION_LEVEL = 0;
				GCC_PREPROCESSOR_DEFINITIONS = (
					"DEBUG=1",
					"$(inherited)",
				);
				GCC_WARN_64_TO_32_BIT_CONVERSION = YES;
				GCC_WARN_ABOUT_RETURN_TYPE = YES_ERROR;
				GCC_WARN_UNDECLARED_SELECTOR = YES;
				GCC_WARN_UNINITIALIZED_AUTOS = YES_AGGRESSIVE;
				GCC_WARN_UNUSED_FUNCTION = YES;
				GCC_WARN_UNUSED_VARIABLE = YES;
				MACOSX_DEPLOYMENT_TARGET = 11.0;
				MTL_ENABLE_DEBUG_INFO = INCLUDE_SOURCE;
				MTL_FAST_MATH = YES;
				ONLY_ACTIVE_ARCH = YES;
				SDKROOT = macosx;
			};
			name = Debug;
		};
		8C9BC86C254C7F7B00960FDD /* Release */ = {
			isa = XCBuildConfiguration;
			buildSettings = {
				ALWAYS_SEARCH_USER_PATHS = NO;
				CLANG_ANALYZER_NONNULL = YES;
				CLANG_ANALYZER_NUMBER_OBJECT_CONVERSION = YES_AGGRESSIVE;
				CLANG_CXX_LANGUAGE_STANDARD = "gnu++14";
				CLANG_CXX_LIBRARY = "libc++";
				CLANG_ENABLE_MODULES = YES;
				CLANG_ENABLE_OBJC_ARC = YES;
				CLANG_ENABLE_OBJC_WEAK = YES;
				CLANG_WARN_BLOCK_CAPTURE_AUTORELEASING = YES;
				CLANG_WARN_BOOL_CONVERSION = YES;
				CLANG_WARN_COMMA = YES;
				CLANG_WARN_CONSTANT_CONVERSION = YES;
				CLANG_WARN_DEPRECATED_OBJC_IMPLEMENTATIONS = YES;
				CLANG_WARN_DIRECT_OBJC_ISA_USAGE = YES_ERROR;
				CLANG_WARN_DOCUMENTATION_COMMENTS = YES;
				CLANG_WARN_EMPTY_BODY = YES;
				CLANG_WARN_ENUM_CONVERSION = YES;
				CLANG_WARN_INFINITE_RECURSION = YES;
				CLANG_WARN_INT_CONVERSION = YES;
				CLANG_WARN_NON_LITERAL_NULL_CONVERSION = YES;
				CLANG_WARN_OBJC_IMPLICIT_RETAIN_SELF = YES;
				CLANG_WARN_OBJC_LITERAL_CONVERSION = YES;
				CLANG_WARN_OBJC_ROOT_CLASS = YES_ERROR;
				CLANG_WARN_QUOTED_INCLUDE_IN_FRAMEWORK_HEADER = YES;
				CLANG_WARN_RANGE_LOOP_ANALYSIS = YES;
				CLANG_WARN_STRICT_PROTOTYPES = YES;
				CLANG_WARN_SUSPICIOUS_MOVE = YES;
				CLANG_WARN_UNGUARDED_AVAILABILITY = YES_AGGRESSIVE;
				CLANG_WARN_UNREACHABLE_CODE = YES;
				CLANG_WARN__DUPLICATE_METHOD_MATCH = YES;
				COPY_PHASE_STRIP = NO;
				DEBUG_INFORMATION_FORMAT = "dwarf-with-dsym";
				ENABLE_NS_ASSERTIONS = NO;
				ENABLE_STRICT_OBJC_MSGSEND = YES;
				GCC_C_LANGUAGE_STANDARD = gnu11;
				GCC_NO_COMMON_BLOCKS = YES;
				GCC_WARN_64_TO_32_BIT_CONVERSION = YES;
				GCC_WARN_ABOUT_RETURN_TYPE = YES_ERROR;
				GCC_WARN_UNDECLARED_SELECTOR = YES;
				GCC_WARN_UNINITIALIZED_AUTOS = YES_AGGRESSIVE;
				GCC_WARN_UNUSED_FUNCTION = YES;
				GCC_WARN_UNUSED_VARIABLE = YES;
				MACOSX_DEPLOYMENT_TARGET = 11.0;
				MTL_ENABLE_DEBUG_INFO = NO;
				MTL_FAST_MATH = YES;
				SDKROOT = macosx;
			};
			name = Release;
		};
		8C9BC86E254C7F7B00960FDD /* Debug */ = {
			isa = XCBuildConfiguration;
			buildSettings = {
				CODE_SIGN_STYLE = Automatic;
				PRODUCT_NAME = "$(TARGET_NAME)";
			};
			name = Debug;
		};
		8C9BC86F254C7F7B00960FDD /* Release */ = {
			isa = XCBuildConfiguration;
			buildSettings = {
				CODE_SIGN_STYLE = Automatic;
				PRODUCT_NAME = "$(TARGET_NAME)";
			};
			name = Release;
		};
/* End XCBuildConfiguration section */

/* Begin XCConfigurationList section */
		8C9BC861254C7F7A00960FDD /* Build configuration list for PBXProject "tagger" */ = {
			isa = XCConfigurationList;
			buildConfigurations = (
				8C9BC86B254C7F7B00960FDD /* Debug */,
				8C9BC86C254C7F7B00960FDD /* Release */,
			);
			defaultConfigurationIsVisible = 0;
			defaultConfigurationName = Release;
		};
		8C9BC86D254C7F7B00960FDD /* Build configuration list for PBXNativeTarget "tagger" */ = {
			isa = XCConfigurationList;
			buildConfigurations = (
				8C9BC86E254C7F7B00960FDD /* Debug */,
				8C9BC86F254C7F7B00960FDD /* Release */,
			);
			defaultConfigurationIsVisible = 0;
			defaultConfigurationName = Release;
		};
/* End XCConfigurationList section */
	};
	rootObject = 8C9BC85E254C7F7A00960FDD /* Project object */;
}
